
Microsoft Visual Studio Solution File, Format Version 12.00
# Visual Studio Version 17
VisualStudioVersion = 17.6.33801.468
MinimumVisualStudioVersion = 10.0.40219.1
Project("{2150E333-8FDC-42A3-9474-1A3956D46DE8}") = "1차", "1차", "{C9047B27-CA98-4DA8-9E35-B39C07BCA63E}"
EndProject
Project("{9A19103F-16F7-4668-BE54-9A1E7A4F7556}") = "1-1", "1-1\1-1.csproj", "{E478495A-9AD7-4ADB-A91A-D2898C0A588E}"
EndProject
Project("{9A19103F-16F7-4668-BE54-9A1E7A4F7556}") = "1-2", "1-2\1-2.csproj", "{1FF88719-C3AD-49F5-852D-F730CDC1DEDE}"
EndProject
Project("{9A19103F-16F7-4668-BE54-9A1E7A4F7556}") = "1-3", "1-3\1-3.csproj", "{BA440A3E-DF44-435C-91C9-908F63A70B52}"
EndProject
Project("{2150E333-8FDC-42A3-9474-1A3956D46DE8}") = "2차", "2차", "{65720972-1773-43A4-82EB-7192F33794D1}"
EndProject
Project("{2150E333-8FDC-42A3-9474-1A3956D46DE8}") = "3차", "3차", "{7172B149-FD84-48A5-9080-067326C169F5}"
EndProject
Project("{2150E333-8FDC-42A3-9474-1A3956D46DE8}") = "4차", "4차", "{E9CE66A8-A430-4775-AF50-650F32B787F4}"
EndProject
Project("{2150E333-8FDC-42A3-9474-1A3956D46DE8}") = "5차", "5차", "{C6A626A9-740D-4A57-A942-0B4ECAEBE9DE}"
EndProject
Project("{FAE04EC0-301F-11D3-BF4B-00C04F79EFBC}") = "2-4", "2-4\2-4.csproj", "{61D62EB8-070A-4769-B71E-919C6DAFA23B}"
EndProject
Project("{FAE04EC0-301F-11D3-BF4B-00C04F79EFBC}") = "2-5", "2-5\2-5.csproj", "{3DA71348-F609-49BC-9C0A-B39C40BA45A5}"
EndProject
Project("{FAE04EC0-301F-11D3-BF4B-00C04F79EFBC}") = "2-6", "2-6\2-6.csproj", "{CE32A52B-0AAC-4BB1-ADA1-3F210C132200}"
EndProject
Project("{FAE04EC0-301F-11D3-BF4B-00C04F79EFBC}") = "3-3", "3-3\3-3.csproj", "{F23FA106-BA65-4C22-BD39-2F613412F357}"
EndProject
Project("{FAE04EC0-301F-11D3-BF4B-00C04F79EFBC}") = "3-4", "3-4\3-4.csproj", "{8AB3B500-00F6-4A12-926C-D17D15DDC36D}"
EndProject
Project("{FAE04EC0-301F-11D3-BF4B-00C04F79EFBC}") = "3-5", "3-5\3-5.csproj", "{AE34C71A-AC8C-4CEB-945F-00D424C19B19}"
EndProject
Project("{FAE04EC0-301F-11D3-BF4B-00C04F79EFBC}") = "4-08", "4-8\4-08.csproj", "{B1C81F3D-472D-4DC8-B826-A60685BFFABE}"
EndProject
Project("{FAE04EC0-301F-11D3-BF4B-00C04F79EFBC}") = "4-09", "4-9\4-09.csproj", "{CB5FAC37-C7DA-4549-8613-3509A8660968}"
EndProject
Project("{FAE04EC0-301F-11D3-BF4B-00C04F79EFBC}") = "4-10", "4-10\4-10.csproj", "{20A0C4EE-59D4-41D9-B519-92D2FD9C7FD6}"
EndProject
Project("{FAE04EC0-301F-11D3-BF4B-00C04F79EFBC}") = "5-5", "5-5\5-5.csproj", "{0CD2C116-34E5-4489-A52E-7E03A8FBF252}"
EndProject
Project("{FAE04EC0-301F-11D3-BF4B-00C04F79EFBC}") = "5-6", "5-6\5-6.csproj", "{B3E315FD-B6EA-4723-B383-814F5D5CCF3E}"
EndProject
Project("{FAE04EC0-301F-11D3-BF4B-00C04F79EFBC}") = "5-9", "5-9\5-9.csproj", "{E4DE9D7F-4DA4-40A9-B0BD-6F89D678151C}"
EndProject
Project("{2150E333-8FDC-42A3-9474-1A3956D46DE8}") = "SAMPLE", "SAMPLE", "{87AFDAE5-F145-4983-813A-D4D62C4384D7}"
EndProject
Project("{FAE04EC0-301F-11D3-BF4B-00C04F79EFBC}") = "1-4", "1-4\1-4.csproj", "{8AC0DECC-56DF-4327-9D69-884334FD81E6}"
EndProject
Project("{FAE04EC0-301F-11D3-BF4B-00C04F79EFBC}") = "1-5", "1-5\1-5.csproj", "{2AEC6B8C-29DB-4747-AD82-B76B03FDB38E}"
EndProject
Project("{FAE04EC0-301F-11D3-BF4B-00C04F79EFBC}") = "문자열", "문자열\문자열.csproj", "{154232C7-7CBC-47A9-8126-869BA7899C2D}"
EndProject
Project("{FAE04EC0-301F-11D3-BF4B-00C04F79EFBC}") = "배열", "배열\배열.csproj", "{4EDA966D-3C5F-478E-9264-45F25383C1D2}"
EndProject
Project("{FAE04EC0-301F-11D3-BF4B-00C04F79EFBC}") = "정렬", "정렬\정렬.csproj", "{625D199D-107A-4581-AF3D-4D25D18C6DB9}"
EndProject
Project("{FAE04EC0-301F-11D3-BF4B-00C04F79EFBC}") = "std", "std\std.csproj", "{FEEAC6B3-18DE-4B0B-A9C4-A0D1CCD23321}"
EndProject
Global
	GlobalSection(SolutionConfigurationPlatforms) = preSolution
		Debug|Any CPU = Debug|Any CPU
		Release|Any CPU = Release|Any CPU
	EndGlobalSection
	GlobalSection(ProjectConfigurationPlatforms) = postSolution
		{E478495A-9AD7-4ADB-A91A-D2898C0A588E}.Debug|Any CPU.ActiveCfg = Debug|Any CPU
		{E478495A-9AD7-4ADB-A91A-D2898C0A588E}.Debug|Any CPU.Build.0 = Debug|Any CPU
		{E478495A-9AD7-4ADB-A91A-D2898C0A588E}.Release|Any CPU.ActiveCfg = Release|Any CPU
		{E478495A-9AD7-4ADB-A91A-D2898C0A588E}.Release|Any CPU.Build.0 = Release|Any CPU
		{1FF88719-C3AD-49F5-852D-F730CDC1DEDE}.Debug|Any CPU.ActiveCfg = Debug|Any CPU
		{1FF88719-C3AD-49F5-852D-F730CDC1DEDE}.Debug|Any CPU.Build.0 = Debug|Any CPU
		{1FF88719-C3AD-49F5-852D-F730CDC1DEDE}.Release|Any CPU.ActiveCfg = Release|Any CPU
		{1FF88719-C3AD-49F5-852D-F730CDC1DEDE}.Release|Any CPU.Build.0 = Release|Any CPU
		{BA440A3E-DF44-435C-91C9-908F63A70B52}.Debug|Any CPU.ActiveCfg = Debug|Any CPU
		{BA440A3E-DF44-435C-91C9-908F63A70B52}.Debug|Any CPU.Build.0 = Debug|Any CPU
		{BA440A3E-DF44-435C-91C9-908F63A70B52}.Release|Any CPU.ActiveCfg = Release|Any CPU
		{BA440A3E-DF44-435C-91C9-908F63A70B52}.Release|Any CPU.Build.0 = Release|Any CPU
		{61D62EB8-070A-4769-B71E-919C6DAFA23B}.Debug|Any CPU.ActiveCfg = Debug|Any CPU
		{61D62EB8-070A-4769-B71E-919C6DAFA23B}.Debug|Any CPU.Build.0 = Debug|Any CPU
		{61D62EB8-070A-4769-B71E-919C6DAFA23B}.Release|Any CPU.ActiveCfg = Release|Any CPU
		{61D62EB8-070A-4769-B71E-919C6DAFA23B}.Release|Any CPU.Build.0 = Release|Any CPU
		{3DA71348-F609-49BC-9C0A-B39C40BA45A5}.Debug|Any CPU.ActiveCfg = Debug|Any CPU
		{3DA71348-F609-49BC-9C0A-B39C40BA45A5}.Debug|Any CPU.Build.0 = Debug|Any CPU
		{3DA71348-F609-49BC-9C0A-B39C40BA45A5}.Release|Any CPU.ActiveCfg = Release|Any CPU
		{3DA71348-F609-49BC-9C0A-B39C40BA45A5}.Release|Any CPU.Build.0 = Release|Any CPU
		{CE32A52B-0AAC-4BB1-ADA1-3F210C132200}.Debug|Any CPU.ActiveCfg = Debug|Any CPU
		{CE32A52B-0AAC-4BB1-ADA1-3F210C132200}.Debug|Any CPU.Build.0 = Debug|Any CPU
		{CE32A52B-0AAC-4BB1-ADA1-3F210C132200}.Release|Any CPU.ActiveCfg = Release|Any CPU
		{CE32A52B-0AAC-4BB1-ADA1-3F210C132200}.Release|Any CPU.Build.0 = Release|Any CPU
		{F23FA106-BA65-4C22-BD39-2F613412F357}.Debug|Any CPU.ActiveCfg = Debug|Any CPU
		{F23FA106-BA65-4C22-BD39-2F613412F357}.Debug|Any CPU.Build.0 = Debug|Any CPU
		{F23FA106-BA65-4C22-BD39-2F613412F357}.Release|Any CPU.ActiveCfg = Release|Any CPU
		{F23FA106-BA65-4C22-BD39-2F613412F357}.Release|Any CPU.Build.0 = Release|Any CPU
		{8AB3B500-00F6-4A12-926C-D17D15DDC36D}.Debug|Any CPU.ActiveCfg = Debug|Any CPU
		{8AB3B500-00F6-4A12-926C-D17D15DDC36D}.Debug|Any CPU.Build.0 = Debug|Any CPU
		{8AB3B500-00F6-4A12-926C-D17D15DDC36D}.Release|Any CPU.ActiveCfg = Release|Any CPU
		{8AB3B500-00F6-4A12-926C-D17D15DDC36D}.Release|Any CPU.Build.0 = Release|Any CPU
		{AE34C71A-AC8C-4CEB-945F-00D424C19B19}.Debug|Any CPU.ActiveCfg = Debug|Any CPU
		{AE34C71A-AC8C-4CEB-945F-00D424C19B19}.Debug|Any CPU.Build.0 = Debug|Any CPU
		{AE34C71A-AC8C-4CEB-945F-00D424C19B19}.Release|Any CPU.ActiveCfg = Release|Any CPU
		{AE34C71A-AC8C-4CEB-945F-00D424C19B19}.Release|Any CPU.Build.0 = Release|Any CPU
		{B1C81F3D-472D-4DC8-B826-A60685BFFABE}.Debug|Any CPU.ActiveCfg = Debug|Any CPU
		{B1C81F3D-472D-4DC8-B826-A60685BFFABE}.Debug|Any CPU.Build.0 = Debug|Any CPU
		{B1C81F3D-472D-4DC8-B826-A60685BFFABE}.Release|Any CPU.ActiveCfg = Release|Any CPU
		{B1C81F3D-472D-4DC8-B826-A60685BFFABE}.Release|Any CPU.Build.0 = Release|Any CPU
		{CB5FAC37-C7DA-4549-8613-3509A8660968}.Debug|Any CPU.ActiveCfg = Debug|Any CPU
		{CB5FAC37-C7DA-4549-8613-3509A8660968}.Debug|Any CPU.Build.0 = Debug|Any CPU
		{CB5FAC37-C7DA-4549-8613-3509A8660968}.Release|Any CPU.ActiveCfg = Release|Any CPU
		{CB5FAC37-C7DA-4549-8613-3509A8660968}.Release|Any CPU.Build.0 = Release|Any CPU
		{20A0C4EE-59D4-41D9-B519-92D2FD9C7FD6}.Debug|Any CPU.ActiveCfg = Debug|Any CPU
		{20A0C4EE-59D4-41D9-B519-92D2FD9C7FD6}.Debug|Any CPU.Build.0 = Debug|Any CPU
		{20A0C4EE-59D4-41D9-B519-92D2FD9C7FD6}.Release|Any CPU.ActiveCfg = Release|Any CPU
		{20A0C4EE-59D4-41D9-B519-92D2FD9C7FD6}.Release|Any CPU.Build.0 = Release|Any CPU
		{0CD2C116-34E5-4489-A52E-7E03A8FBF252}.Debug|Any CPU.ActiveCfg = Debug|Any CPU
		{0CD2C116-34E5-4489-A52E-7E03A8FBF252}.Debug|Any CPU.Build.0 = Debug|Any CPU
		{0CD2C116-34E5-4489-A52E-7E03A8FBF252}.Release|Any CPU.ActiveCfg = Release|Any CPU
		{0CD2C116-34E5-4489-A52E-7E03A8FBF252}.Release|Any CPU.Build.0 = Release|Any CPU
		{B3E315FD-B6EA-4723-B383-814F5D5CCF3E}.Debug|Any CPU.ActiveCfg = Debug|Any CPU
		{B3E315FD-B6EA-4723-B383-814F5D5CCF3E}.Debug|Any CPU.Build.0 = Debug|Any CPU
		{B3E315FD-B6EA-4723-B383-814F5D5CCF3E}.Release|Any CPU.ActiveCfg = Release|Any CPU
		{B3E315FD-B6EA-4723-B383-814F5D5CCF3E}.Release|Any CPU.Build.0 = Release|Any CPU
		{E4DE9D7F-4DA4-40A9-B0BD-6F89D678151C}.Debug|Any CPU.ActiveCfg = Debug|Any CPU
		{E4DE9D7F-4DA4-40A9-B0BD-6F89D678151C}.Debug|Any CPU.Build.0 = Debug|Any CPU
		{E4DE9D7F-4DA4-40A9-B0BD-6F89D678151C}.Release|Any CPU.ActiveCfg = Release|Any CPU
		{E4DE9D7F-4DA4-40A9-B0BD-6F89D678151C}.Release|Any CPU.Build.0 = Release|Any CPU
		{8AC0DECC-56DF-4327-9D69-884334FD81E6}.Debug|Any CPU.ActiveCfg = Debug|Any CPU
		{8AC0DECC-56DF-4327-9D69-884334FD81E6}.Debug|Any CPU.Build.0 = Debug|Any CPU
		{8AC0DECC-56DF-4327-9D69-884334FD81E6}.Release|Any CPU.ActiveCfg = Release|Any CPU
		{8AC0DECC-56DF-4327-9D69-884334FD81E6}.Release|Any CPU.Build.0 = Release|Any CPU
		{2AEC6B8C-29DB-4747-AD82-B76B03FDB38E}.Debug|Any CPU.ActiveCfg = Debug|Any CPU
		{2AEC6B8C-29DB-4747-AD82-B76B03FDB38E}.Debug|Any CPU.Build.0 = Debug|Any CPU
		{2AEC6B8C-29DB-4747-AD82-B76B03FDB38E}.Release|Any CPU.ActiveCfg = Release|Any CPU
		{2AEC6B8C-29DB-4747-AD82-B76B03FDB38E}.Release|Any CPU.Build.0 = Release|Any CPU
		{154232C7-7CBC-47A9-8126-869BA7899C2D}.Debug|Any CPU.ActiveCfg = Debug|Any CPU
		{154232C7-7CBC-47A9-8126-869BA7899C2D}.Debug|Any CPU.Build.0 = Debug|Any CPU
		{154232C7-7CBC-47A9-8126-869BA7899C2D}.Release|Any CPU.ActiveCfg = Release|Any CPU
		{154232C7-7CBC-47A9-8126-869BA7899C2D}.Release|Any CPU.Build.0 = Release|Any CPU
		{4EDA966D-3C5F-478E-9264-45F25383C1D2}.Debug|Any CPU.ActiveCfg = Debug|Any CPU
		{4EDA966D-3C5F-478E-9264-45F25383C1D2}.Debug|Any CPU.Build.0 = Debug|Any CPU
		{4EDA966D-3C5F-478E-9264-45F25383C1D2}.Release|Any CPU.ActiveCfg = Release|Any CPU
		{4EDA966D-3C5F-478E-9264-45F25383C1D2}.Release|Any CPU.Build.0 = Release|Any CPU
		{625D199D-107A-4581-AF3D-4D25D18C6DB9}.Debug|Any CPU.ActiveCfg = Debug|Any CPU
		{625D199D-107A-4581-AF3D-4D25D18C6DB9}.Debug|Any CPU.Build.0 = Debug|Any CPU
		{625D199D-107A-4581-AF3D-4D25D18C6DB9}.Release|Any CPU.ActiveCfg = Release|Any CPU
		{625D199D-107A-4581-AF3D-4D25D18C6DB9}.Release|Any CPU.Build.0 = Release|Any CPU
		{FEEAC6B3-18DE-4B0B-A9C4-A0D1CCD23321}.Debug|Any CPU.ActiveCfg = Debug|Any CPU
		{FEEAC6B3-18DE-4B0B-A9C4-A0D1CCD23321}.Debug|Any CPU.Build.0 = Debug|Any CPU
		{FEEAC6B3-18DE-4B0B-A9C4-A0D1CCD23321}.Release|Any CPU.ActiveCfg = Release|Any CPU
		{FEEAC6B3-18DE-4B0B-A9C4-A0D1CCD23321}.Release|Any CPU.Build.0 = Release|Any CPU
	EndGlobalSection
	GlobalSection(SolutionProperties) = preSolution
		HideSolutionNode = FALSE
	EndGlobalSection
	GlobalSection(NestedProjects) = preSolution
		{E478495A-9AD7-4ADB-A91A-D2898C0A588E} = {C9047B27-CA98-4DA8-9E35-B39C07BCA63E}
		{1FF88719-C3AD-49F5-852D-F730CDC1DEDE} = {C9047B27-CA98-4DA8-9E35-B39C07BCA63E}
		{BA440A3E-DF44-435C-91C9-908F63A70B52} = {C9047B27-CA98-4DA8-9E35-B39C07BCA63E}
		{61D62EB8-070A-4769-B71E-919C6DAFA23B} = {65720972-1773-43A4-82EB-7192F33794D1}
		{3DA71348-F609-49BC-9C0A-B39C40BA45A5} = {65720972-1773-43A4-82EB-7192F33794D1}
		{CE32A52B-0AAC-4BB1-ADA1-3F210C132200} = {65720972-1773-43A4-82EB-7192F33794D1}
		{F23FA106-BA65-4C22-BD39-2F613412F357} = {7172B149-FD84-48A5-9080-067326C169F5}
		{8AB3B500-00F6-4A12-926C-D17D15DDC36D} = {7172B149-FD84-48A5-9080-067326C169F5}
		{AE34C71A-AC8C-4CEB-945F-00D424C19B19} = {7172B149-FD84-48A5-9080-067326C169F5}
		{B1C81F3D-472D-4DC8-B826-A60685BFFABE} = {E9CE66A8-A430-4775-AF50-650F32B787F4}
		{CB5FAC37-C7DA-4549-8613-3509A8660968} = {E9CE66A8-A430-4775-AF50-650F32B787F4}
		{20A0C4EE-59D4-41D9-B519-92D2FD9C7FD6} = {E9CE66A8-A430-4775-AF50-650F32B787F4}
		{0CD2C116-34E5-4489-A52E-7E03A8FBF252} = {C6A626A9-740D-4A57-A942-0B4ECAEBE9DE}
		{B3E315FD-B6EA-4723-B383-814F5D5CCF3E} = {C6A626A9-740D-4A57-A942-0B4ECAEBE9DE}
		{E4DE9D7F-4DA4-40A9-B0BD-6F89D678151C} = {C6A626A9-740D-4A57-A942-0B4ECAEBE9DE}
		{8AC0DECC-56DF-4327-9D69-884334FD81E6} = {87AFDAE5-F145-4983-813A-D4D62C4384D7}
		{2AEC6B8C-29DB-4747-AD82-B76B03FDB38E} = {87AFDAE5-F145-4983-813A-D4D62C4384D7}
		{154232C7-7CBC-47A9-8126-869BA7899C2D} = {87AFDAE5-F145-4983-813A-D4D62C4384D7}
		{4EDA966D-3C5F-478E-9264-45F25383C1D2} = {87AFDAE5-F145-4983-813A-D4D62C4384D7}
		{625D199D-107A-4581-AF3D-4D25D18C6DB9} = {87AFDAE5-F145-4983-813A-D4D62C4384D7}
		{FEEAC6B3-18DE-4B0B-A9C4-A0D1CCD23321} = {87AFDAE5-F145-4983-813A-D4D62C4384D7}
	EndGlobalSection
	GlobalSection(ExtensibilityGlobals) = postSolution
		SolutionGuid = {77741F00-493A-4C31-8B75-FF9CAA4BEC67}
	EndGlobalSection
EndGlobal
